// !$*UTF8*$!
{
	archiveVersion = 1;
	classes = {
	};
	objectVersion = 56;
	objects = {

/* Begin PBXBuildFile section */
		C616035D2B7573A600E1BC9E /* StartView.swift in Sources */ = {isa = PBXBuildFile; fileRef = C616035C2B7573A600E1BC9E /* StartView.swift */; };
		C61603602B75762C00E1BC9E /* СreationDrinkView.swift in Sources */ = {isa = PBXBuildFile; fileRef = C616035F2B75762C00E1BC9E /* СreationDrinkView.swift */; };
		C626E7802BA5D6FE0021029B /* type_coffee.json in Resources */ = {isa = PBXBuildFile; fileRef = C626E77F2BA5D6FE0021029B /* type_coffee.json */; };
		C626E7822BA5DEE00021029B /* dishes.json in Resources */ = {isa = PBXBuildFile; fileRef = C626E7812BA5DEE00021029B /* dishes.json */; };
		C626E7852BA6E5AD0021029B /* StorageManager.swift in Sources */ = {isa = PBXBuildFile; fileRef = C626E7842BA6E5AD0021029B /* StorageManager.swift */; };
		C62D11222BA9E25000E67CF3 /* .gitignor in Resources */ = {isa = PBXBuildFile; fileRef = C62D11212BA9E25000E67CF3 /* .gitignor */; };
		C662E01A2B7F8DF700548B44 /* Extensions + UIButton.swift in Sources */ = {isa = PBXBuildFile; fileRef = C662E0192B7F8DF700548B44 /* Extensions + UIButton.swift */; };
		C675817C2B6AEA4200B81616 /* AppDelegate.swift in Sources */ = {isa = PBXBuildFile; fileRef = C675817B2B6AEA4200B81616 /* AppDelegate.swift */; };
		C675817E2B6AEA4200B81616 /* SceneDelegate.swift in Sources */ = {isa = PBXBuildFile; fileRef = C675817D2B6AEA4200B81616 /* SceneDelegate.swift */; };
		C67581802B6AEA4200B81616 /* StartViewController.swift in Sources */ = {isa = PBXBuildFile; fileRef = C675817F2B6AEA4200B81616 /* StartViewController.swift */; };
		C67581852B6AEA4300B81616 /* Assets.xcassets in Resources */ = {isa = PBXBuildFile; fileRef = C67581842B6AEA4300B81616 /* Assets.xcassets */; };
		C67581882B6AEA4300B81616 /* LaunchScreen.storyboard in Resources */ = {isa = PBXBuildFile; fileRef = C67581862B6AEA4300B81616 /* LaunchScreen.storyboard */; };
		C67581902B6AFA2100B81616 /* Model.swift in Sources */ = {isa = PBXBuildFile; fileRef = C675818F2B6AFA2100B81616 /* Model.swift */; };
		C67581942B6E4CA800B81616 /* СreationDrinkViewController.swift in Sources */ = {isa = PBXBuildFile; fileRef = C67581932B6E4CA800B81616 /* СreationDrinkViewController.swift */; };
		C68197B32BCF0070002E484B /* CreationDrinkModel.swift in Sources */ = {isa = PBXBuildFile; fileRef = C68197B22BCF0070002E484B /* CreationDrinkModel.swift */; };
		C68197B62BCF0117002E484B /* СreationDrinkConfigurator.swift in Sources */ = {isa = PBXBuildFile; fileRef = C68197B52BCF0117002E484B /* СreationDrinkConfigurator.swift */; };
		C68197B82BCF012D002E484B /* СreationDrinkPresenter.swift in Sources */ = {isa = PBXBuildFile; fileRef = C68197B72BCF012D002E484B /* СreationDrinkPresenter.swift */; };
		C68197BA2BCF015B002E484B /* СreationDrinkInteractor.swift in Sources */ = {isa = PBXBuildFile; fileRef = C68197B92BCF015B002E484B /* СreationDrinkInteractor.swift */; };
		C68197BC2BD6F6DF002E484B /* СreationDrinkRouter.swift in Sources */ = {isa = PBXBuildFile; fileRef = C68197BB2BD6F6DF002E484B /* СreationDrinkRouter.swift */; };
		C68197BE2BD6F760002E484B /* MVXProtocole.swift in Sources */ = {isa = PBXBuildFile; fileRef = C68197BD2BD6F760002E484B /* MVXProtocole.swift */; };
		C68197C12BD8483D002E484B /* StartRouter.swift in Sources */ = {isa = PBXBuildFile; fileRef = C68197C02BD8483D002E484B /* StartRouter.swift */; };
		C68197C32BD8485F002E484B /* StartModel.swift in Sources */ = {isa = PBXBuildFile; fileRef = C68197C22BD8485F002E484B /* StartModel.swift */; };
		C68197C52BD84892002E484B /* StartConfigurator.swift in Sources */ = {isa = PBXBuildFile; fileRef = C68197C42BD84892002E484B /* StartConfigurator.swift */; };
		C68197C72BD848B2002E484B /* StartPresenter.swift in Sources */ = {isa = PBXBuildFile; fileRef = C68197C62BD848B2002E484B /* StartPresenter.swift */; };
		C68197C92BD848C7002E484B /* StartInteractor.swift in Sources */ = {isa = PBXBuildFile; fileRef = C68197C82BD848C7002E484B /* StartInteractor.swift */; };
		C68197CD2BD84E40002E484B /* RecipeDrinkInteractor.swift in Sources */ = {isa = PBXBuildFile; fileRef = C68197CC2BD84E40002E484B /* RecipeDrinkInteractor.swift */; };
		C68197CF2BD84E58002E484B /* RecipeDrinkModel.swift in Sources */ = {isa = PBXBuildFile; fileRef = C68197CE2BD84E58002E484B /* RecipeDrinkModel.swift */; };
		C68197D12BD84E71002E484B /* RecipeDrinkConfigurator.swift in Sources */ = {isa = PBXBuildFile; fileRef = C68197D02BD84E71002E484B /* RecipeDrinkConfigurator.swift */; };
		C68197D32BD84E8F002E484B /* RecipeDrinkPresenter.swift in Sources */ = {isa = PBXBuildFile; fileRef = C68197D22BD84E8F002E484B /* RecipeDrinkPresenter.swift */; };
		C6A3AC932B7C0A7F00853011 /* RecipeDrinkView.swift in Sources */ = {isa = PBXBuildFile; fileRef = C6A3AC922B7C0A7F00853011 /* RecipeDrinkView.swift */; };
		C6A3AC952B7C0A9A00853011 /* RecipeDrinkViewController.swift in Sources */ = {isa = PBXBuildFile; fileRef = C6A3AC942B7C0A9A00853011 /* RecipeDrinkViewController.swift */; };
		C6A3AC992B7C121B00853011 /* Builder.swift in Sources */ = {isa = PBXBuildFile; fileRef = C6A3AC982B7C121B00853011 /* Builder.swift */; };
		C6AD9C2F2B91295E0074ABAD /* TableViewCell.swift in Sources */ = {isa = PBXBuildFile; fileRef = C6AD9C2E2B91295E0074ABAD /* TableViewCell.swift */; };
/* End PBXBuildFile section */

/* Begin PBXFileReference section */
		C616035C2B7573A600E1BC9E /* StartView.swift */ = {isa = PBXFileReference; lastKnownFileType = sourcecode.swift; path = StartView.swift; sourceTree = "<group>"; };
		C616035F2B75762C00E1BC9E /* СreationDrinkView.swift */ = {isa = PBXFileReference; lastKnownFileType = sourcecode.swift; path = "СreationDrinkView.swift"; sourceTree = "<group>"; };
		C626E77F2BA5D6FE0021029B /* type_coffee.json */ = {isa = PBXFileReference; lastKnownFileType = text.json; path = type_coffee.json; sourceTree = "<group>"; };
		C626E7812BA5DEE00021029B /* dishes.json */ = {isa = PBXFileReference; lastKnownFileType = text.json; path = dishes.json; sourceTree = "<group>"; };
		C626E7842BA6E5AD0021029B /* StorageManager.swift */ = {isa = PBXFileReference; lastKnownFileType = sourcecode.swift; path = StorageManager.swift; sourceTree = "<group>"; };
		C62D11212BA9E25000E67CF3 /* .gitignor */ = {isa = PBXFileReference; lastKnownFileType = text; path = .gitignor; sourceTree = "<group>"; };
		C662E0192B7F8DF700548B44 /* Extensions + UIButton.swift */ = {isa = PBXFileReference; lastKnownFileType = sourcecode.swift; path = "Extensions + UIButton.swift"; sourceTree = "<group>"; };
		C67581782B6AEA4200B81616 /* CoffeeCraft.app */ = {isa = PBXFileReference; explicitFileType = wrapper.application; includeInIndex = 0; path = CoffeeCraft.app; sourceTree = BUILT_PRODUCTS_DIR; };
		C675817B2B6AEA4200B81616 /* AppDelegate.swift */ = {isa = PBXFileReference; lastKnownFileType = sourcecode.swift; path = AppDelegate.swift; sourceTree = "<group>"; };
		C675817D2B6AEA4200B81616 /* SceneDelegate.swift */ = {isa = PBXFileReference; lastKnownFileType = sourcecode.swift; path = SceneDelegate.swift; sourceTree = "<group>"; };
		C675817F2B6AEA4200B81616 /* StartViewController.swift */ = {isa = PBXFileReference; lastKnownFileType = sourcecode.swift; path = StartViewController.swift; sourceTree = "<group>"; };
		C67581842B6AEA4300B81616 /* Assets.xcassets */ = {isa = PBXFileReference; lastKnownFileType = folder.assetcatalog; path = Assets.xcassets; sourceTree = "<group>"; };
		C67581872B6AEA4300B81616 /* Base */ = {isa = PBXFileReference; lastKnownFileType = file.storyboard; name = Base; path = Base.lproj/LaunchScreen.storyboard; sourceTree = "<group>"; };
		C67581892B6AEA4300B81616 /* Info.plist */ = {isa = PBXFileReference; lastKnownFileType = text.plist.xml; path = Info.plist; sourceTree = "<group>"; };
		C675818F2B6AFA2100B81616 /* Model.swift */ = {isa = PBXFileReference; lastKnownFileType = sourcecode.swift; path = Model.swift; sourceTree = "<group>"; };
		C67581932B6E4CA800B81616 /* СreationDrinkViewController.swift */ = {isa = PBXFileReference; lastKnownFileType = sourcecode.swift; path = "СreationDrinkViewController.swift"; sourceTree = "<group>"; };
		C68197B22BCF0070002E484B /* CreationDrinkModel.swift */ = {isa = PBXFileReference; lastKnownFileType = sourcecode.swift; path = CreationDrinkModel.swift; sourceTree = "<group>"; };
		C68197B52BCF0117002E484B /* СreationDrinkConfigurator.swift */ = {isa = PBXFileReference; lastKnownFileType = sourcecode.swift; path = "СreationDrinkConfigurator.swift"; sourceTree = "<group>"; };
		C68197B72BCF012D002E484B /* СreationDrinkPresenter.swift */ = {isa = PBXFileReference; lastKnownFileType = sourcecode.swift; path = "СreationDrinkPresenter.swift"; sourceTree = "<group>"; };
		C68197B92BCF015B002E484B /* СreationDrinkInteractor.swift */ = {isa = PBXFileReference; lastKnownFileType = sourcecode.swift; path = "СreationDrinkInteractor.swift"; sourceTree = "<group>"; };
		C68197BB2BD6F6DF002E484B /* СreationDrinkRouter.swift */ = {isa = PBXFileReference; lastKnownFileType = sourcecode.swift; path = "СreationDrinkRouter.swift"; sourceTree = "<group>"; };
		C68197BD2BD6F760002E484B /* MVXProtocole.swift */ = {isa = PBXFileReference; lastKnownFileType = sourcecode.swift; path = MVXProtocole.swift; sourceTree = "<group>"; };
		C68197C02BD8483D002E484B /* StartRouter.swift */ = {isa = PBXFileReference; lastKnownFileType = sourcecode.swift; path = StartRouter.swift; sourceTree = "<group>"; };
		C68197C22BD8485F002E484B /* StartModel.swift */ = {isa = PBXFileReference; lastKnownFileType = sourcecode.swift; path = StartModel.swift; sourceTree = "<group>"; };
		C68197C42BD84892002E484B /* StartConfigurator.swift */ = {isa = PBXFileReference; lastKnownFileType = sourcecode.swift; path = StartConfigurator.swift; sourceTree = "<group>"; };
		C68197C62BD848B2002E484B /* StartPresenter.swift */ = {isa = PBXFileReference; lastKnownFileType = sourcecode.swift; path = StartPresenter.swift; sourceTree = "<group>"; };
		C68197C82BD848C7002E484B /* StartInteractor.swift */ = {isa = PBXFileReference; lastKnownFileType = sourcecode.swift; path = StartInteractor.swift; sourceTree = "<group>"; };
		C68197CC2BD84E40002E484B /* RecipeDrinkInteractor.swift */ = {isa = PBXFileReference; lastKnownFileType = sourcecode.swift; path = RecipeDrinkInteractor.swift; sourceTree = "<group>"; };
		C68197CE2BD84E58002E484B /* RecipeDrinkModel.swift */ = {isa = PBXFileReference; lastKnownFileType = sourcecode.swift; path = RecipeDrinkModel.swift; sourceTree = "<group>"; };
		C68197D02BD84E71002E484B /* RecipeDrinkConfigurator.swift */ = {isa = PBXFileReference; lastKnownFileType = sourcecode.swift; path = RecipeDrinkConfigurator.swift; sourceTree = "<group>"; };
		C68197D22BD84E8F002E484B /* RecipeDrinkPresenter.swift */ = {isa = PBXFileReference; lastKnownFileType = sourcecode.swift; path = RecipeDrinkPresenter.swift; sourceTree = "<group>"; };
		C6A3AC922B7C0A7F00853011 /* RecipeDrinkView.swift */ = {isa = PBXFileReference; lastKnownFileType = sourcecode.swift; path = RecipeDrinkView.swift; sourceTree = "<group>"; };
		C6A3AC942B7C0A9A00853011 /* RecipeDrinkViewController.swift */ = {isa = PBXFileReference; lastKnownFileType = sourcecode.swift; path = RecipeDrinkViewController.swift; sourceTree = "<group>"; };
		C6A3AC982B7C121B00853011 /* Builder.swift */ = {isa = PBXFileReference; lastKnownFileType = sourcecode.swift; path = Builder.swift; sourceTree = "<group>"; };
		C6AD9C2E2B91295E0074ABAD /* TableViewCell.swift */ = {isa = PBXFileReference; lastKnownFileType = sourcecode.swift; path = TableViewCell.swift; sourceTree = "<group>"; };
/* End PBXFileReference section */

/* Begin PBXFrameworksBuildPhase section */
		C67581752B6AEA4200B81616 /* Frameworks */ = {
			isa = PBXFrameworksBuildPhase;
			buildActionMask = 2147483647;
			files = (
			);
			runOnlyForDeploymentPostprocessing = 0;
		};
/* End PBXFrameworksBuildPhase section */

/* Begin PBXGroup section */
		C616035B2B75737E00E1BC9E /* StartScene */ = {
			isa = PBXGroup;
			children = (
				C68197C82BD848C7002E484B /* StartInteractor.swift */,
				C68197C62BD848B2002E484B /* StartPresenter.swift */,
				C68197C42BD84892002E484B /* StartConfigurator.swift */,
				C68197C22BD8485F002E484B /* StartModel.swift */,
				C68197BF2BD8480A002E484B /* StartVC */,
			);
			path = StartScene;
			sourceTree = "<group>";
		};
		C616035E2B75761500E1BC9E /* СreationDrinkScene */ = {
			isa = PBXGroup;
			children = (
				C68197B92BCF015B002E484B /* СreationDrinkInteractor.swift */,
				C68197B72BCF012D002E484B /* СreationDrinkPresenter.swift */,
				C68197B52BCF0117002E484B /* СreationDrinkConfigurator.swift */,
				C68197B22BCF0070002E484B /* CreationDrinkModel.swift */,
				C68197B42BCF00BF002E484B /* СreationDrinkVC */,
			);
			path = "СreationDrinkScene";
			sourceTree = "<group>";
		};
		C626E7832BA5EC4F0021029B /* JSONs */ = {
			isa = PBXGroup;
			children = (
				C626E7812BA5DEE00021029B /* dishes.json */,
				C626E77F2BA5D6FE0021029B /* type_coffee.json */,
			);
			path = JSONs;
			sourceTree = "<group>";
		};
		C626E7862BA6E5B20021029B /* Services */ = {
			isa = PBXGroup;
			children = (
				C626E7842BA6E5AD0021029B /* StorageManager.swift */,
			);
			path = Services;
			sourceTree = "<group>";
		};
		C662E01B2B7F8E0100548B44 /* Extensions */ = {
			isa = PBXGroup;
			children = (
				C662E0192B7F8DF700548B44 /* Extensions + UIButton.swift */,
			);
			path = Extensions;
			sourceTree = "<group>";
		};
		C662E01C2B7F8E1F00548B44 /* App */ = {
			isa = PBXGroup;
			children = (
				C675817B2B6AEA4200B81616 /* AppDelegate.swift */,
				C675817D2B6AEA4200B81616 /* SceneDelegate.swift */,
			);
			path = App;
			sourceTree = "<group>";
		};
		C675816F2B6AEA4200B81616 = {
			isa = PBXGroup;
			children = (
				C675817A2B6AEA4200B81616 /* CoffeeCraft */,
				C67581792B6AEA4200B81616 /* Products */,
			);
			sourceTree = "<group>";
		};
		C67581792B6AEA4200B81616 /* Products */ = {
			isa = PBXGroup;
			children = (
				C67581782B6AEA4200B81616 /* CoffeeCraft.app */,
			);
			name = Products;
			sourceTree = "<group>";
		};
		C675817A2B6AEA4200B81616 /* CoffeeCraft */ = {
			isa = PBXGroup;
			children = (
				C662E01C2B7F8E1F00548B44 /* App */,
				C67581992B6E9D5B00B81616 /* Scenes */,
				C662E01B2B7F8E0100548B44 /* Extensions */,
				C6C527042B87F9CD00385A08 /* Views */,
				C6A3AC9A2B7C121F00853011 /* Builders */,
				C675819A2B6E9D6A00B81616 /* Models */,
				C626E7862BA6E5B20021029B /* Services */,
				C626E7832BA5EC4F0021029B /* JSONs */,
				C67581972B6E9D2000B81616 /* Storiboards */,
				C67581982B6E9D4100B81616 /* Supports */,
			);
			path = CoffeeCraft;
			sourceTree = "<group>";
		};
		C67581972B6E9D2000B81616 /* Storiboards */ = {
			isa = PBXGroup;
			children = (
				C67581862B6AEA4300B81616 /* LaunchScreen.storyboard */,
			);
			path = Storiboards;
			sourceTree = "<group>";
		};
		C67581982B6E9D4100B81616 /* Supports */ = {
			isa = PBXGroup;
			children = (
				C67581892B6AEA4300B81616 /* Info.plist */,
				C67581842B6AEA4300B81616 /* Assets.xcassets */,
				C62D11212BA9E25000E67CF3 /* .gitignor */,
			);
			path = Supports;
			sourceTree = "<group>";
		};
		C67581992B6E9D5B00B81616 /* Scenes */ = {
			isa = PBXGroup;
			children = (
				C616035B2B75737E00E1BC9E /* StartScene */,
				C616035E2B75761500E1BC9E /* СreationDrinkScene */,
				C6A3AC972B7C0AE100853011 /* RecipeDrinkScene */,
			);
			path = Scenes;
			sourceTree = "<group>";
		};
		C675819A2B6E9D6A00B81616 /* Models */ = {
			isa = PBXGroup;
			children = (
				C675818F2B6AFA2100B81616 /* Model.swift */,
			);
			path = Models;
			sourceTree = "<group>";
		};
		C68197B42BCF00BF002E484B /* СreationDrinkVC */ = {
			isa = PBXGroup;
			children = (
				C67581932B6E4CA800B81616 /* СreationDrinkViewController.swift */,
				C616035F2B75762C00E1BC9E /* СreationDrinkView.swift */,
				C68197BB2BD6F6DF002E484B /* СreationDrinkRouter.swift */,
			);
			path = "СreationDrinkVC";
			sourceTree = "<group>";
		};
		C68197BF2BD8480A002E484B /* StartVC */ = {
			isa = PBXGroup;
			children = (
				C675817F2B6AEA4200B81616 /* StartViewController.swift */,
				C616035C2B7573A600E1BC9E /* StartView.swift */,
				C68197C02BD8483D002E484B /* StartRouter.swift */,
			);
			path = StartVC;
			sourceTree = "<group>";
		};
		C68197CB2BD84DE1002E484B /* RecipeDrinkVC */ = {
			isa = PBXGroup;
			children = (
				C6A3AC942B7C0A9A00853011 /* RecipeDrinkViewController.swift */,
				C6A3AC922B7C0A7F00853011 /* RecipeDrinkView.swift */,
			);
			path = RecipeDrinkVC;
			sourceTree = "<group>";
		};
		C6A3AC972B7C0AE100853011 /* RecipeDrinkScene */ = {
			isa = PBXGroup;
			children = (
				C68197CC2BD84E40002E484B /* RecipeDrinkInteractor.swift */,
				C68197D22BD84E8F002E484B /* RecipeDrinkPresenter.swift */,
				C68197D02BD84E71002E484B /* RecipeDrinkConfigurator.swift */,
				C68197CE2BD84E58002E484B /* RecipeDrinkModel.swift */,
				C68197CB2BD84DE1002E484B /* RecipeDrinkVC */,
			);
			path = RecipeDrinkScene;
			sourceTree = "<group>";
		};
		C6A3AC9A2B7C121F00853011 /* Builders */ = {
			isa = PBXGroup;
			children = (
				C6A3AC982B7C121B00853011 /* Builder.swift */,
				C68197BD2BD6F760002E484B /* MVXProtocole.swift */,
			);
			path = Builders;
			sourceTree = "<group>";
		};
		C6C527042B87F9CD00385A08 /* Views */ = {
			isa = PBXGroup;
			children = (
				C6AD9C2E2B91295E0074ABAD /* TableViewCell.swift */,
			);
			path = Views;
			sourceTree = "<group>";
		};
/* End PBXGroup section */

/* Begin PBXNativeTarget section */
		C67581772B6AEA4200B81616 /* CoffeeCraft */ = {
			isa = PBXNativeTarget;
			buildConfigurationList = C675818C2B6AEA4300B81616 /* Build configuration list for PBXNativeTarget "CoffeeCraft" */;
			buildPhases = (
				C67581742B6AEA4200B81616 /* Sources */,
				C67581752B6AEA4200B81616 /* Frameworks */,
				C67581762B6AEA4200B81616 /* Resources */,
			);
			buildRules = (
			);
			dependencies = (
			);
			name = CoffeeCraft;
			productName = CoffeeCraft;
			productReference = C67581782B6AEA4200B81616 /* CoffeeCraft.app */;
			productType = "com.apple.product-type.application";
		};
/* End PBXNativeTarget section */

/* Begin PBXProject section */
		C67581702B6AEA4200B81616 /* Project object */ = {
			isa = PBXProject;
			attributes = {
				BuildIndependentTargetsInParallel = 1;
				LastSwiftUpdateCheck = 1430;
				LastUpgradeCheck = 1520;
				TargetAttributes = {
					C67581772B6AEA4200B81616 = {
						CreatedOnToolsVersion = 14.3.1;
					};
				};
			};
			buildConfigurationList = C67581732B6AEA4200B81616 /* Build configuration list for PBXProject "CoffeeCraft" */;
			compatibilityVersion = "Xcode 14.0";
			developmentRegion = en;
			hasScannedForEncodings = 0;
			knownRegions = (
				en,
				Base,
			);
			mainGroup = C675816F2B6AEA4200B81616;
			productRefGroup = C67581792B6AEA4200B81616 /* Products */;
			projectDirPath = "";
			projectRoot = "";
			targets = (
				C67581772B6AEA4200B81616 /* CoffeeCraft */,
			);
		};
/* End PBXProject section */

/* Begin PBXResourcesBuildPhase section */
		C67581762B6AEA4200B81616 /* Resources */ = {
			isa = PBXResourcesBuildPhase;
			buildActionMask = 2147483647;
			files = (
				C67581882B6AEA4300B81616 /* LaunchScreen.storyboard in Resources */,
				C626E7802BA5D6FE0021029B /* type_coffee.json in Resources */,
				C62D11222BA9E25000E67CF3 /* .gitignor in Resources */,
				C67581852B6AEA4300B81616 /* Assets.xcassets in Resources */,
				C626E7822BA5DEE00021029B /* dishes.json in Resources */,
			);
			runOnlyForDeploymentPostprocessing = 0;
		};
/* End PBXResourcesBuildPhase section */

/* Begin PBXSourcesBuildPhase section */
		C67581742B6AEA4200B81616 /* Sources */ = {
			isa = PBXSourcesBuildPhase;
			buildActionMask = 2147483647;
			files = (
				C61603602B75762C00E1BC9E /* СreationDrinkView.swift in Sources */,
				C68197C92BD848C7002E484B /* StartInteractor.swift in Sources */,
				C67581802B6AEA4200B81616 /* StartViewController.swift in Sources */,
				C67581942B6E4CA800B81616 /* СreationDrinkViewController.swift in Sources */,
				C68197CF2BD84E58002E484B /* RecipeDrinkModel.swift in Sources */,
				C68197D32BD84E8F002E484B /* RecipeDrinkPresenter.swift in Sources */,
				C6A3AC992B7C121B00853011 /* Builder.swift in Sources */,
				C68197BE2BD6F760002E484B /* MVXProtocole.swift in Sources */,
				C675817C2B6AEA4200B81616 /* AppDelegate.swift in Sources */,
				C68197C12BD8483D002E484B /* StartRouter.swift in Sources */,
				C68197C32BD8485F002E484B /* StartModel.swift in Sources */,
				C68197C52BD84892002E484B /* StartConfigurator.swift in Sources */,
				C6AD9C2F2B91295E0074ABAD /* TableViewCell.swift in Sources */,
				C68197C72BD848B2002E484B /* StartPresenter.swift in Sources */,
				C6A3AC932B7C0A7F00853011 /* RecipeDrinkView.swift in Sources */,
				C68197CD2BD84E40002E484B /* RecipeDrinkInteractor.swift in Sources */,
				C675817E2B6AEA4200B81616 /* SceneDelegate.swift in Sources */,
				C6A3AC952B7C0A9A00853011 /* RecipeDrinkViewController.swift in Sources */,
				C68197B32BCF0070002E484B /* CreationDrinkModel.swift in Sources */,
				C68197BC2BD6F6DF002E484B /* СreationDrinkRouter.swift in Sources */,
				C68197B82BCF012D002E484B /* СreationDrinkPresenter.swift in Sources */,
				C68197B62BCF0117002E484B /* СreationDrinkConfigurator.swift in Sources */,
				C68197BA2BCF015B002E484B /* СreationDrinkInteractor.swift in Sources */,
				C67581902B6AFA2100B81616 /* Model.swift in Sources */,
				C68197D12BD84E71002E484B /* RecipeDrinkConfigurator.swift in Sources */,
				C616035D2B7573A600E1BC9E /* StartView.swift in Sources */,
				C662E01A2B7F8DF700548B44 /* Extensions + UIButton.swift in Sources */,
				C626E7852BA6E5AD0021029B /* StorageManager.swift in Sources */,
			);
			runOnlyForDeploymentPostprocessing = 0;
		};
/* End PBXSourcesBuildPhase section */

/* Begin PBXVariantGroup section */
		C67581862B6AEA4300B81616 /* LaunchScreen.storyboard */ = {
			isa = PBXVariantGroup;
			children = (
				C67581872B6AEA4300B81616 /* Base */,
			);
			name = LaunchScreen.storyboard;
			sourceTree = "<group>";
		};
/* End PBXVariantGroup section */

/* Begin XCBuildConfiguration section */
		C675818A2B6AEA4300B81616 /* Debug */ = {
			isa = XCBuildConfiguration;
			buildSettings = {
				ALWAYS_SEARCH_USER_PATHS = NO;
				CLANG_ANALYZER_NONNULL = YES;
				CLANG_ANALYZER_NUMBER_OBJECT_CONVERSION = YES_AGGRESSIVE;
				CLANG_CXX_LANGUAGE_STANDARD = "gnu++20";
				CLANG_ENABLE_MODULES = YES;
				CLANG_ENABLE_OBJC_ARC = YES;
				CLANG_ENABLE_OBJC_WEAK = YES;
				CLANG_WARN_BLOCK_CAPTURE_AUTORELEASING = YES;
				CLANG_WARN_BOOL_CONVERSION = YES;
				CLANG_WARN_COMMA = YES;
				CLANG_WARN_CONSTANT_CONVERSION = YES;
				CLANG_WARN_DEPRECATED_OBJC_IMPLEMENTATIONS = YES;
				CLANG_WARN_DIRECT_OBJC_ISA_USAGE = YES_ERROR;
				CLANG_WARN_DOCUMENTATION_COMMENTS = YES;
				CLANG_WARN_EMPTY_BODY = YES;
				CLANG_WARN_ENUM_CONVERSION = YES;
				CLANG_WARN_INFINITE_RECURSION = YES;
				CLANG_WARN_INT_CONVERSION = YES;
				CLANG_WARN_NON_LITERAL_NULL_CONVERSION = YES;
				CLANG_WARN_OBJC_IMPLICIT_RETAIN_SELF = YES;
				CLANG_WARN_OBJC_LITERAL_CONVERSION = YES;
				CLANG_WARN_OBJC_ROOT_CLASS = YES_ERROR;
				CLANG_WARN_QUOTED_INCLUDE_IN_FRAMEWORK_HEADER = YES;
				CLANG_WARN_RANGE_LOOP_ANALYSIS = YES;
				CLANG_WARN_STRICT_PROTOTYPES = YES;
				CLANG_WARN_SUSPICIOUS_MOVE = YES;
				CLANG_WARN_UNGUARDED_AVAILABILITY = YES_AGGRESSIVE;
				CLANG_WARN_UNREACHABLE_CODE = YES;
				CLANG_WARN__DUPLICATE_METHOD_MATCH = YES;
				COPY_PHASE_STRIP = NO;
				DEBUG_INFORMATION_FORMAT = dwarf;
				ENABLE_STRICT_OBJC_MSGSEND = YES;
				ENABLE_TESTABILITY = YES;
				ENABLE_USER_SCRIPT_SANDBOXING = YES;
				GCC_C_LANGUAGE_STANDARD = gnu11;
				GCC_DYNAMIC_NO_PIC = NO;
				GCC_NO_COMMON_BLOCKS = YES;
				GCC_OPTIMIZATION_LEVEL = 0;
				GCC_PREPROCESSOR_DEFINITIONS = (
					"DEBUG=1",
					"$(inherited)",
				);
				GCC_WARN_64_TO_32_BIT_CONVERSION = YES;
				GCC_WARN_ABOUT_RETURN_TYPE = YES_ERROR;
				GCC_WARN_UNDECLARED_SELECTOR = YES;
				GCC_WARN_UNINITIALIZED_AUTOS = YES_AGGRESSIVE;
				GCC_WARN_UNUSED_FUNCTION = YES;
				GCC_WARN_UNUSED_VARIABLE = YES;
				IPHONEOS_DEPLOYMENT_TARGET = 16.4;
				MTL_ENABLE_DEBUG_INFO = INCLUDE_SOURCE;
				MTL_FAST_MATH = YES;
				ONLY_ACTIVE_ARCH = YES;
				SDKROOT = iphoneos;
				SWIFT_ACTIVE_COMPILATION_CONDITIONS = DEBUG;
				SWIFT_OPTIMIZATION_LEVEL = "-Onone";
			};
			name = Debug;
		};
		C675818B2B6AEA4300B81616 /* Release */ = {
			isa = XCBuildConfiguration;
			buildSettings = {
				ALWAYS_SEARCH_USER_PATHS = NO;
				CLANG_ANALYZER_NONNULL = YES;
				CLANG_ANALYZER_NUMBER_OBJECT_CONVERSION = YES_AGGRESSIVE;
				CLANG_CXX_LANGUAGE_STANDARD = "gnu++20";
				CLANG_ENABLE_MODULES = YES;
				CLANG_ENABLE_OBJC_ARC = YES;
				CLANG_ENABLE_OBJC_WEAK = YES;
				CLANG_WARN_BLOCK_CAPTURE_AUTORELEASING = YES;
				CLANG_WARN_BOOL_CONVERSION = YES;
				CLANG_WARN_COMMA = YES;
				CLANG_WARN_CONSTANT_CONVERSION = YES;
				CLANG_WARN_DEPRECATED_OBJC_IMPLEMENTATIONS = YES;
				CLANG_WARN_DIRECT_OBJC_ISA_USAGE = YES_ERROR;
				CLANG_WARN_DOCUMENTATION_COMMENTS = YES;
				CLANG_WARN_EMPTY_BODY = YES;
				CLANG_WARN_ENUM_CONVERSION = YES;
				CLANG_WARN_INFINITE_RECURSION = YES;
				CLANG_WARN_INT_CONVERSION = YES;
				CLANG_WARN_NON_LITERAL_NULL_CONVERSION = YES;
				CLANG_WARN_OBJC_IMPLICIT_RETAIN_SELF = YES;
				CLANG_WARN_OBJC_LITERAL_CONVERSION = YES;
				CLANG_WARN_OBJC_ROOT_CLASS = YES_ERROR;
				CLANG_WARN_QUOTED_INCLUDE_IN_FRAMEWORK_HEADER = YES;
				CLANG_WARN_RANGE_LOOP_ANALYSIS = YES;
				CLANG_WARN_STRICT_PROTOTYPES = YES;
				CLANG_WARN_SUSPICIOUS_MOVE = YES;
				CLANG_WARN_UNGUARDED_AVAILABILITY = YES_AGGRESSIVE;
				CLANG_WARN_UNREACHABLE_CODE = YES;
				CLANG_WARN__DUPLICATE_METHOD_MATCH = YES;
				COPY_PHASE_STRIP = NO;
				DEBUG_INFORMATION_FORMAT = "dwarf-with-dsym";
				ENABLE_NS_ASSERTIONS = NO;
				ENABLE_STRICT_OBJC_MSGSEND = YES;
				ENABLE_USER_SCRIPT_SANDBOXING = YES;
				GCC_C_LANGUAGE_STANDARD = gnu11;
				GCC_NO_COMMON_BLOCKS = YES;
				GCC_WARN_64_TO_32_BIT_CONVERSION = YES;
				GCC_WARN_ABOUT_RETURN_TYPE = YES_ERROR;
				GCC_WARN_UNDECLARED_SELECTOR = YES;
				GCC_WARN_UNINITIALIZED_AUTOS = YES_AGGRESSIVE;
				GCC_WARN_UNUSED_FUNCTION = YES;
				GCC_WARN_UNUSED_VARIABLE = YES;
				IPHONEOS_DEPLOYMENT_TARGET = 16.4;
				MTL_ENABLE_DEBUG_INFO = NO;
				MTL_FAST_MATH = YES;
				SDKROOT = iphoneos;
				SWIFT_COMPILATION_MODE = wholemodule;
				SWIFT_OPTIMIZATION_LEVEL = "-O";
				VALIDATE_PRODUCT = YES;
			};
			name = Release;
		};
		C675818D2B6AEA4300B81616 /* Debug */ = {
			isa = XCBuildConfiguration;
			buildSettings = {
				ASSETCATALOG_COMPILER_APPICON_NAME = AppIcon;
				ASSETCATALOG_COMPILER_GLOBAL_ACCENT_COLOR_NAME = AccentColor;
				CODE_SIGN_STYLE = Automatic;
				CURRENT_PROJECT_VERSION = 1;
				DEVELOPMENT_TEAM = DRYCV5GTMX;
				GENERATE_INFOPLIST_FILE = YES;
				INFOPLIST_FILE = CoffeeCraft/Supports/Info.plist;
				INFOPLIST_KEY_UIApplicationSupportsIndirectInputEvents = YES;
				INFOPLIST_KEY_UILaunchStoryboardName = LaunchScreen;
				INFOPLIST_KEY_UISupportedInterfaceOrientations_iPad = "UIInterfaceOrientationPortrait UIInterfaceOrientationPortraitUpsideDown UIInterfaceOrientationLandscapeLeft UIInterfaceOrientationLandscapeRight";
				INFOPLIST_KEY_UISupportedInterfaceOrientations_iPhone = "UIInterfaceOrientationPortrait UIInterfaceOrientationLandscapeLeft UIInterfaceOrientationLandscapeRight";
				IPHONEOS_DEPLOYMENT_TARGET = 16.0;
				LD_RUNPATH_SEARCH_PATHS = (
					"$(inherited)",
					"@executable_path/Frameworks",
				);
				MARKETING_VERSION = 1.0;
				PRODUCT_BUNDLE_IDENTIFIER = com.liza.Ex.CoffeeCraft;
				PRODUCT_NAME = "$(TARGET_NAME)";
				SUPPORTED_PLATFORMS = "iphoneos iphonesimulator";
				SUPPORTS_MACCATALYST = NO;
				SUPPORTS_MAC_DESIGNED_FOR_IPHONE_IPAD = NO;
				SWIFT_EMIT_LOC_STRINGS = YES;
				SWIFT_VERSION = 5.0;
				TARGETED_DEVICE_FAMILY = 1;
			};
			name = Debug;
		};
		C675818E2B6AEA4300B81616 /* Release */ = {
			isa = XCBuildConfiguration;
			buildSettings = {
				ASSETCATALOG_COMPILER_APPICON_NAME = AppIcon;
				ASSETCATALOG_COMPILER_GLOBAL_ACCENT_COLOR_NAME = AccentColor;
				CODE_SIGN_STYLE = Automatic;
				CURRENT_PROJECT_VERSION = 1;
				DEVELOPMENT_TEAM = DRYCV5GTMX;
				GENERATE_INFOPLIST_FILE = YES;
				INFOPLIST_FILE = CoffeeCraft/Supports/Info.plist;
				INFOPLIST_KEY_UIApplicationSupportsIndirectInputEvents = YES;
				INFOPLIST_KEY_UILaunchStoryboardName = LaunchScreen;
				INFOPLIST_KEY_UISupportedInterfaceOrientations_iPad = "UIInterfaceOrientationPortrait UIInterfaceOrientationPortraitUpsideDown UIInterfaceOrientationLandscapeLeft UIInterfaceOrientationLandscapeRight";
				INFOPLIST_KEY_UISupportedInterfaceOrientations_iPhone = "UIInterfaceOrientationPortrait UIInterfaceOrientationLandscapeLeft UIInterfaceOrientationLandscapeRight";
				IPHONEOS_DEPLOYMENT_TARGET = 16.0;
				LD_RUNPATH_SEARCH_PATHS = (
					"$(inherited)",
					"@executable_path/Frameworks",
				);
				MARKETING_VERSION = 1.0;
				PRODUCT_BUNDLE_IDENTIFIER = com.liza.Ex.CoffeeCraft;
				PRODUCT_NAME = "$(TARGET_NAME)";
				SUPPORTED_PLATFORMS = "iphoneos iphonesimulator";
				SUPPORTS_MACCATALYST = NO;
				SUPPORTS_MAC_DESIGNED_FOR_IPHONE_IPAD = NO;
				SWIFT_EMIT_LOC_STRINGS = YES;
				SWIFT_VERSION = 5.0;
				TARGETED_DEVICE_FAMILY = 1;
			};
			name = Release;
		};
/* End XCBuildConfiguration section */

/* Begin XCConfigurationList section */
		C67581732B6AEA4200B81616 /* Build configuration list for PBXProject "CoffeeCraft" */ = {
			isa = XCConfigurationList;
			buildConfigurations = (
				C675818A2B6AEA4300B81616 /* Debug */,
				C675818B2B6AEA4300B81616 /* Release */,
			);
			defaultConfigurationIsVisible = 0;
			defaultConfigurationName = Release;
		};
		C675818C2B6AEA4300B81616 /* Build configuration list for PBXNativeTarget "CoffeeCraft" */ = {
			isa = XCConfigurationList;
			buildConfigurations = (
				C675818D2B6AEA4300B81616 /* Debug */,
				C675818E2B6AEA4300B81616 /* Release */,
			);
			defaultConfigurationIsVisible = 0;
			defaultConfigurationName = Release;
		};
/* End XCConfigurationList section */
	};
	rootObject = C67581702B6AEA4200B81616 /* Project object */;
}
